DEPENDENCIES
  apt (~> 2.2.0)
  bluepill (~> 2.3)
  ohai (~> 2.0)
  runit (~> 1.2)

GRAPH
  apt (2.2.1)
  bluepill (2.4.3)
    rsyslog (>= 2.0)
  compat_resource (12.16.1)
  ohai (2.1.0)
  packagecloud (0.2.5)
  rsyslog (4.0.1)
    compat_resource (>= 0.0.0)
  runit (1.8.0)
    packagecloud (>= 0.0.0)
    yum-epel (>= 0.0.0)
  yum (4.1.0)
  yum-epel (1.0.2)
    yum (>= 3.6)
